
Microsoft Visual Studio Solution File, Format Version 12.00
# Visual Studio 15
Project("{FAE04EC0-301F-11D3-BF4B-00C04F79EFBC}") = "Tests", "compiler.tests\Tests.csproj", "{E74499B1-ABD6-43F7-A75C-19F9DE146657}"
EndProject
Project("{FAE04EC0-301F-11D3-BF4B-00C04F79EFBC}") = "Main", "Compiler.Main\Main.csproj", "{8B6D87D7-61A0-4904-9C57-1C55F6BCCC1A}"
EndProject
Project("{D954291E-2A0B-460D-934E-DC6B0785DB48}") = "Parse", "Parse\Parse.shproj", "{25F65081-1AE5-469D-AF4F-D6299C10B729}"
EndProject
Project("{D954291E-2A0B-460D-934E-DC6B0785DB48}") = "Common", "Common\Common.shproj", "{029E42DB-C42F-46A1-B579-41F0AEDAC601}"
EndProject
Project("{D954291E-2A0B-460D-934E-DC6B0785DB48}") = "Scan", "Scan\Scan.shproj", "{A82226BA-0B0D-4739-9F77-E273A284FDEC}"
EndProject
Global
	GlobalSection(SolutionConfigurationPlatforms) = preSolution
		Debug|x86 = Debug|x86
		Release|x86 = Release|x86
	EndGlobalSection
	GlobalSection(ProjectConfigurationPlatforms) = postSolution
		{E74499B1-ABD6-43F7-A75C-19F9DE146657}.Debug|x86.ActiveCfg = Debug|Any CPU
		{E74499B1-ABD6-43F7-A75C-19F9DE146657}.Debug|x86.Build.0 = Debug|Any CPU
		{E74499B1-ABD6-43F7-A75C-19F9DE146657}.Release|x86.ActiveCfg = Release|Any CPU
		{E74499B1-ABD6-43F7-A75C-19F9DE146657}.Release|x86.Build.0 = Release|Any CPU
		{8B6D87D7-61A0-4904-9C57-1C55F6BCCC1A}.Debug|x86.ActiveCfg = Debug|x86
		{8B6D87D7-61A0-4904-9C57-1C55F6BCCC1A}.Debug|x86.Build.0 = Debug|x86
		{8B6D87D7-61A0-4904-9C57-1C55F6BCCC1A}.Release|x86.ActiveCfg = Release|x86
		{8B6D87D7-61A0-4904-9C57-1C55F6BCCC1A}.Release|x86.Build.0 = Release|x86
	EndGlobalSection
	GlobalSection(MonoDevelopProperties) = preSolution
		Policies = $0
		$0.DotNetNamingPolicy = $1
		$1.DirectoryNamespaceAssociation = PrefixedHierarchical
		$0.TextStylePolicy = $2
		$2.FileWidth = 80
		$2.TabsToSpaces = True
		$2.scope = text/x-csharp
		$0.CSharpFormattingPolicy = $3
		$3.scope = text/x-csharp
		$0.StandardHeader = $4
	EndGlobalSection
EndGlobal
